github.com/MicahParks/jwkset v0.5.19 h1:XZCsgJv05DBCvxEHYEHlSafqiuVn5ESG0VRB331Fxhw=
github.com/MicahParks/jwkset v0.5.19/go.mod h1:q8ptTGn/Z9c4MwbcfeCDssADeVQb3Pk7PnVxrvi+2QY=
github.com/MicahParks/keyfunc/v3 v3.3.5 h1:7ceAJLUAldnoueHDNzF8Bx06oVcQ5CfJnYwNt1U3YYo=
github.com/MicahParks/keyfunc/v3 v3.3.5/go.mod h1:SdCCyMJn/bYqWDvARspC6nCT8Sk74MjuAY22C7dCST8=
github.com/golang-jwt/jwt/v5 v5.2.2 h1:Rl4B7itRWVtYIHFrSNd7vhTiz9UpLdi6gZhZ3wEeDy8=
github.com/golang-jwt/jwt/v5 v5.2.2/go.mod h1:pqrtFR0X4osieyHYxtmOUWsAWrfe1Q5UVIyoH402zdk=
golang.org/x/time v0.5.0 h1:o7cqy6amK/52YcAKIPlM3a+Fpj35zvRj2TP+e1xFSfk=
golang.org/x/time v0.5.0/go.mod h1:3BpzKBy/shNhVucY/MWOyx10tF3SFh9QdLuxbVysPQM=
